<?xml version="1.0" encoding="UTF-8"?>
<!DOCTYPE plist PUBLIC "-//Apple//DTD PLIST 1.0//EN" "http://www.apple.com/DTDs/PropertyList-1.0.dtd">
<plist version="1.0">
<dict>
	<key>archiveVersion</key>
	<string>1</string>
	<key>classes</key>
	<dict/>
	<key>objectVersion</key>
	<string>46</string>
	<key>objects</key>
	<dict>
		<key>A0226BA018E2C05E00683B57</key>
		<dict>
			<key>fileEncoding</key>
			<string>4</string>
			<key>isa</key>
			<string>PBXFileReference</string>
			<key>lastKnownFileType</key>
			<string>file.storyboard</string>
			<key>path</key>
			<string>Storyboard.storyboard</string>
			<key>sourceTree</key>
			<string>&lt;group&gt;</string>
		</dict>
		<key>A0226BA118E2C05E00683B57</key>
		<dict>
			<key>fileRef</key>
			<string>A0226BA018E2C05E00683B57</string>
			<key>isa</key>
			<string>PBXBuildFile</string>
		</dict>
		<key>A0226BA218E2C16600683B57</key>
		<dict>
			<key>fileEncoding</key>
			<string>4</string>
			<key>isa</key>
			<string>PBXFileReference</string>
			<key>lastKnownFileType</key>
			<string>sourcecode.c.h</string>
			<key>path</key>
			<string>SWExampleViewController.h</string>
			<key>sourceTree</key>
			<string>&lt;group&gt;</string>
		</dict>
		<key>A0226BA318E2C16600683B57</key>
		<dict>
			<key>fileEncoding</key>
			<string>4</string>
			<key>isa</key>
			<string>PBXFileReference</string>
			<key>lastKnownFileType</key>
			<string>sourcecode.c.objc</string>
			<key>path</key>
			<string>SWExampleViewController.m</string>
			<key>sourceTree</key>
			<string>&lt;group&gt;</string>
		</dict>
		<key>A0226BA418E2C16600683B57</key>
		<dict>
			<key>fileEncoding</key>
			<string>4</string>
			<key>isa</key>
			<string>PBXFileReference</string>
			<key>lastKnownFileType</key>
			<string>file.xib</string>
			<key>path</key>
			<string>SWExampleViewController.xib</string>
			<key>sourceTree</key>
			<string>&lt;group&gt;</string>
		</dict>
		<key>A0226BA518E2C16600683B57</key>
		<dict>
			<key>fileRef</key>
			<string>A0226BA318E2C16600683B57</string>
			<key>isa</key>
			<string>PBXBuildFile</string>
		</dict>
		<key>A0226BA618E2C16600683B57</key>
		<dict>
			<key>fileRef</key>
			<string>A0226BA418E2C16600683B57</string>
			<key>isa</key>
			<string>PBXBuildFile</string>
		</dict>
		<key>A0226BA718E2C60D00683B57</key>
		<dict>
			<key>fileEncoding</key>
			<string>4</string>
			<key>isa</key>
			<string>PBXFileReference</string>
			<key>lastKnownFileType</key>
			<string>sourcecode.c.h</string>
			<key>path</key>
			<string>UIViewController+SWDrawerController.h</string>
			<key>sourceTree</key>
			<string>&lt;group&gt;</string>
		</dict>
		<key>A0226BA818E2C60D00683B57</key>
		<dict>
			<key>fileEncoding</key>
			<string>4</string>
			<key>isa</key>
			<string>PBXFileReference</string>
			<key>lastKnownFileType</key>
			<string>sourcecode.c.objc</string>
			<key>path</key>
			<string>UIViewController+SWDrawerController.m</string>
			<key>sourceTree</key>
			<string>&lt;group&gt;</string>
		</dict>
		<key>A0226BA918E2C60D00683B57</key>
		<dict>
			<key>fileRef</key>
			<string>A0226BA818E2C60D00683B57</string>
			<key>isa</key>
			<string>PBXBuildFile</string>
		</dict>
		<key>A0226BAA18E2E81E00683B57</key>
		<dict>
			<key>fileEncoding</key>
			<string>4</string>
			<key>isa</key>
			<string>PBXFileReference</string>
			<key>lastKnownFileType</key>
			<string>sourcecode.c.h</string>
			<key>path</key>
			<string>SWTopViewController.h</string>
			<key>sourceTree</key>
			<string>&lt;group&gt;</string>
		</dict>
		<key>A0226BAB18E2E81E00683B57</key>
		<dict>
			<key>fileEncoding</key>
			<string>4</string>
			<key>isa</key>
			<string>PBXFileReference</string>
			<key>lastKnownFileType</key>
			<string>sourcecode.c.objc</string>
			<key>path</key>
			<string>SWTopViewController.m</string>
			<key>sourceTree</key>
			<string>&lt;group&gt;</string>
		</dict>
		<key>A0226BAC18E2E81E00683B57</key>
		<dict>
			<key>fileRef</key>
			<string>A0226BAB18E2E81E00683B57</string>
			<key>isa</key>
			<string>PBXBuildFile</string>
		</dict>
		<key>A054E30A18E4AAA20099FE06</key>
		<dict>
			<key>fileEncoding</key>
			<string>4</string>
			<key>isa</key>
			<string>PBXFileReference</string>
			<key>lastKnownFileType</key>
			<string>sourcecode.c.h</string>
			<key>path</key>
			<string>SWDrawerTransitionDelegate.h</string>
			<key>sourceTree</key>
			<string>&lt;group&gt;</string>
		</dict>
		<key>A054E30B18E4AAA20099FE06</key>
		<dict>
			<key>fileEncoding</key>
			<string>4</string>
			<key>isa</key>
			<string>PBXFileReference</string>
			<key>lastKnownFileType</key>
			<string>sourcecode.c.objc</string>
			<key>path</key>
			<string>SWDrawerTransitionDelegate.m</string>
			<key>sourceTree</key>
			<string>&lt;group&gt;</string>
		</dict>
		<key>A054E30C18E4AAA20099FE06</key>
		<dict>
			<key>fileRef</key>
			<string>A054E30B18E4AAA20099FE06</string>
			<key>isa</key>
			<string>PBXBuildFile</string>
		</dict>
		<key>A0AA171918DEA591001B1AD6</key>
		<dict>
			<key>children</key>
			<array>
				<string>A0AA175418DEA73C001B1AD6</string>
				<string>A0AA172B18DEA591001B1AD6</string>
				<string>A0AA174418DEA591001B1AD6</string>
				<string>A0AA172418DEA591001B1AD6</string>
				<string>A0AA172318DEA591001B1AD6</string>
			</array>
			<key>isa</key>
			<string>PBXGroup</string>
			<key>sourceTree</key>
			<string>&lt;group&gt;</string>
		</dict>
		<key>A0AA171A18DEA591001B1AD6</key>
		<dict>
			<key>attributes</key>
			<dict>
				<key>CLASSPREFIX</key>
				<string>SW</string>
				<key>LastUpgradeCheck</key>
				<string>0510</string>
				<key>ORGANIZATIONNAME</key>
				<string>Sarun Wongpatcharapakorn</string>
				<key>TargetAttributes</key>
				<dict>
					<key>A0AA173C18DEA591001B1AD6</key>
					<dict>
						<key>TestTargetID</key>
						<string>A0AA172118DEA591001B1AD6</string>
					</dict>
				</dict>
			</dict>
			<key>buildConfigurationList</key>
			<string>A0AA171D18DEA591001B1AD6</string>
			<key>compatibilityVersion</key>
			<string>Xcode 3.2</string>
			<key>developmentRegion</key>
			<string>English</string>
			<key>hasScannedForEncodings</key>
			<string>0</string>
			<key>isa</key>
			<string>PBXProject</string>
			<key>knownRegions</key>
			<array>
				<string>en</string>
			</array>
			<key>mainGroup</key>
			<string>A0AA171918DEA591001B1AD6</string>
			<key>productRefGroup</key>
			<string>A0AA172318DEA591001B1AD6</string>
			<key>projectDirPath</key>
			<string></string>
			<key>projectReferences</key>
			<array/>
			<key>projectRoot</key>
			<string></string>
			<key>targets</key>
			<array>
				<string>A0AA172118DEA591001B1AD6</string>
				<string>A0AA173C18DEA591001B1AD6</string>
			</array>
		</dict>
		<key>A0AA171D18DEA591001B1AD6</key>
		<dict>
			<key>buildConfigurations</key>
			<array>
				<string>A0AA174C18DEA591001B1AD6</string>
				<string>A0AA174D18DEA591001B1AD6</string>
			</array>
			<key>defaultConfigurationIsVisible</key>
			<string>0</string>
			<key>defaultConfigurationName</key>
			<string>Release</string>
			<key>isa</key>
			<string>XCConfigurationList</string>
		</dict>
		<key>A0AA171E18DEA591001B1AD6</key>
		<dict>
			<key>buildActionMask</key>
			<string>2147483647</string>
			<key>files</key>
			<array>
				<string>A0226BA918E2C60D00683B57</string>
				<string>A0AA175718DEA78E001B1AD6</string>
				<string>A0226BA518E2C16600683B57</string>
				<string>A0AA173618DEA591001B1AD6</string>
				<string>A0226BAC18E2E81E00683B57</string>
				<string>A0AA173218DEA591001B1AD6</string>
				<string>A054E30C18E4AAA20099FE06</string>
			</array>
			<key>isa</key>
			<string>PBXSourcesBuildPhase</string>
			<key>runOnlyForDeploymentPostprocessing</key>
			<string>0</string>
		</dict>
		<key>A0AA171F18DEA591001B1AD6</key>
		<dict>
			<key>buildActionMask</key>
			<string>2147483647</string>
			<key>files</key>
			<array>
				<string>A0AA172818DEA591001B1AD6</string>
				<string>A0AA172A18DEA591001B1AD6</string>
				<string>A0AA172618DEA591001B1AD6</string>
			</array>
			<key>isa</key>
			<string>PBXFrameworksBuildPhase</string>
			<key>runOnlyForDeploymentPostprocessing</key>
			<string>0</string>
		</dict>
		<key>A0AA172018DEA591001B1AD6</key>
		<dict>
			<key>buildActionMask</key>
			<string>2147483647</string>
			<key>files</key>
			<array>
				<string>A0AA173018DEA591001B1AD6</string>
				<string>A0226BA618E2C16600683B57</string>
				<string>A0AA173818DEA591001B1AD6</string>
				<string>A0226BA118E2C05E00683B57</string>
			</array>
			<key>isa</key>
			<string>PBXResourcesBuildPhase</string>
			<key>runOnlyForDeploymentPostprocessing</key>
			<string>0</string>
		</dict>
		<key>A0AA172118DEA591001B1AD6</key>
		<dict>
			<key>buildConfigurationList</key>
			<string>A0AA174E18DEA591001B1AD6</string>
			<key>buildPhases</key>
			<array>
				<string>A0AA171E18DEA591001B1AD6</string>
				<string>A0AA171F18DEA591001B1AD6</string>
				<string>A0AA172018DEA591001B1AD6</string>
			</array>
			<key>buildRules</key>
			<array/>
			<key>dependencies</key>
			<array/>
			<key>isa</key>
			<string>PBXNativeTarget</string>
			<key>name</key>
			<string>SWDrawerController</string>
			<key>productName</key>
			<string>SWDrawerController</string>
			<key>productReference</key>
			<string>A0AA172218DEA591001B1AD6</string>
			<key>productType</key>
			<string>com.apple.product-type.application</string>
		</dict>
		<key>A0AA172218DEA591001B1AD6</key>
		<dict>
			<key>explicitFileType</key>
			<string>wrapper.application</string>
			<key>includeInIndex</key>
			<string>0</string>
			<key>isa</key>
			<string>PBXFileReference</string>
			<key>path</key>
			<string>SWDrawerController.app</string>
			<key>sourceTree</key>
			<string>BUILT_PRODUCTS_DIR</string>
		</dict>
		<key>A0AA172318DEA591001B1AD6</key>
		<dict>
			<key>children</key>
			<array>
				<string>A0AA172218DEA591001B1AD6</string>
				<string>A0AA173D18DEA591001B1AD6</string>
			</array>
			<key>isa</key>
			<string>PBXGroup</string>
			<key>name</key>
			<string>Products</string>
			<key>sourceTree</key>
			<string>&lt;group&gt;</string>
		</dict>
		<key>A0AA172418DEA591001B1AD6</key>
		<dict>
			<key>children</key>
			<array>
				<string>A0AA172518DEA591001B1AD6</string>
				<string>A0AA172718DEA591001B1AD6</string>
				<string>A0AA172918DEA591001B1AD6</string>
				<string>A0AA173E18DEA591001B1AD6</string>
			</array>
			<key>isa</key>
			<string>PBXGroup</string>
			<key>name</key>
			<string>Frameworks</string>
			<key>sourceTree</key>
			<string>&lt;group&gt;</string>
		</dict>
		<key>A0AA172518DEA591001B1AD6</key>
		<dict>
			<key>isa</key>
			<string>PBXFileReference</string>
			<key>lastKnownFileType</key>
			<string>wrapper.framework</string>
			<key>name</key>
			<string>Foundation.framework</string>
			<key>path</key>
			<string>System/Library/Frameworks/Foundation.framework</string>
			<key>sourceTree</key>
			<string>SDKROOT</string>
		</dict>
		<key>A0AA172618DEA591001B1AD6</key>
		<dict>
			<key>fileRef</key>
			<string>A0AA172518DEA591001B1AD6</string>
			<key>isa</key>
			<string>PBXBuildFile</string>
		</dict>
		<key>A0AA172718DEA591001B1AD6</key>
		<dict>
			<key>isa</key>
			<string>PBXFileReference</string>
			<key>lastKnownFileType</key>
			<string>wrapper.framework</string>
			<key>name</key>
			<string>CoreGraphics.framework</string>
			<key>path</key>
			<string>System/Library/Frameworks/CoreGraphics.framework</string>
			<key>sourceTree</key>
			<string>SDKROOT</string>
		</dict>
		<key>A0AA172818DEA591001B1AD6</key>
		<dict>
			<key>fileRef</key>
			<string>A0AA172718DEA591001B1AD6</string>
			<key>isa</key>
			<string>PBXBuildFile</string>
		</dict>
		<key>A0AA172918DEA591001B1AD6</key>
		<dict>
			<key>isa</key>
			<string>PBXFileReference</string>
			<key>lastKnownFileType</key>
			<string>wrapper.framework</string>
			<key>name</key>
			<string>UIKit.framework</string>
			<key>path</key>
			<string>System/Library/Frameworks/UIKit.framework</string>
			<key>sourceTree</key>
			<string>SDKROOT</string>
		</dict>
		<key>A0AA172A18DEA591001B1AD6</key>
		<dict>
			<key>fileRef</key>
			<string>A0AA172918DEA591001B1AD6</string>
			<key>isa</key>
			<string>PBXBuildFile</string>
		</dict>
		<key>A0AA172B18DEA591001B1AD6</key>
		<dict>
			<key>children</key>
			<array>
				<string>A0AA173418DEA591001B1AD6</string>
				<string>A0AA173518DEA591001B1AD6</string>
				<string>A0226BA218E2C16600683B57</string>
				<string>A0226BA318E2C16600683B57</string>
				<string>A0226BAA18E2E81E00683B57</string>
				<string>A0226BAB18E2E81E00683B57</string>
				<string>A0226BA418E2C16600683B57</string>
				<string>A0226BA018E2C05E00683B57</string>
				<string>A0AA173718DEA591001B1AD6</string>
				<string>A0AA172C18DEA591001B1AD6</string>
			</array>
			<key>isa</key>
			<string>PBXGroup</string>
			<key>name</key>
			<string>Example</string>
			<key>path</key>
			<string>Example</string>
			<key>sourceTree</key>
			<string>&lt;group&gt;</string>
		</dict>
		<key>A0AA172C18DEA591001B1AD6</key>
		<dict>
			<key>children</key>
			<array>
				<string>A0AA172D18DEA591001B1AD6</string>
				<string>A0AA172E18DEA591001B1AD6</string>
				<string>A0AA173118DEA591001B1AD6</string>
				<string>A0AA173318DEA591001B1AD6</string>
			</array>
			<key>isa</key>
			<string>PBXGroup</string>
			<key>name</key>
			<string>Supporting Files</string>
			<key>path</key>
			<string>Supporting Files</string>
			<key>sourceTree</key>
			<string>&lt;group&gt;</string>
		</dict>
		<key>A0AA172D18DEA591001B1AD6</key>
		<dict>
			<key>isa</key>
			<string>PBXFileReference</string>
			<key>lastKnownFileType</key>
			<string>text.plist.xml</string>
			<key>path</key>
			<string>SWDrawerController-Info.plist</string>
			<key>sourceTree</key>
			<string>&lt;group&gt;</string>
		</dict>
		<key>A0AA172E18DEA591001B1AD6</key>
		<dict>
			<key>children</key>
			<array>
				<string>A0AA172F18DEA591001B1AD6</string>
			</array>
			<key>isa</key>
			<string>PBXVariantGroup</string>
			<key>name</key>
			<string>InfoPlist.strings</string>
			<key>sourceTree</key>
			<string>&lt;group&gt;</string>
		</dict>
		<key>A0AA172F18DEA591001B1AD6</key>
		<dict>
			<key>isa</key>
			<string>PBXFileReference</string>
			<key>lastKnownFileType</key>
			<string>text.plist.strings</string>
			<key>name</key>
			<string>en</string>
			<key>path</key>
			<string>en.lproj/InfoPlist.strings</string>
			<key>sourceTree</key>
			<string>&lt;group&gt;</string>
		</dict>
		<key>A0AA173018DEA591001B1AD6</key>
		<dict>
			<key>fileRef</key>
			<string>A0AA172E18DEA591001B1AD6</string>
			<key>isa</key>
			<string>PBXBuildFile</string>
		</dict>
		<key>A0AA173118DEA591001B1AD6</key>
		<dict>
			<key>isa</key>
			<string>PBXFileReference</string>
			<key>lastKnownFileType</key>
			<string>sourcecode.c.objc</string>
			<key>path</key>
			<string>main.m</string>
			<key>sourceTree</key>
			<string>&lt;group&gt;</string>
		</dict>
		<key>A0AA173218DEA591001B1AD6</key>
		<dict>
			<key>fileRef</key>
			<string>A0AA173118DEA591001B1AD6</string>
			<key>isa</key>
			<string>PBXBuildFile</string>
		</dict>
		<key>A0AA173318DEA591001B1AD6</key>
		<dict>
			<key>isa</key>
			<string>PBXFileReference</string>
			<key>lastKnownFileType</key>
			<string>sourcecode.c.h</string>
			<key>path</key>
			<string>SWDrawerController-Prefix.pch</string>
			<key>sourceTree</key>
			<string>&lt;group&gt;</string>
		</dict>
		<key>A0AA173418DEA591001B1AD6</key>
		<dict>
			<key>isa</key>
			<string>PBXFileReference</string>
			<key>lastKnownFileType</key>
			<string>sourcecode.c.h</string>
			<key>path</key>
			<string>SWAppDelegate.h</string>
			<key>sourceTree</key>
			<string>&lt;group&gt;</string>
		</dict>
		<key>A0AA173518DEA591001B1AD6</key>
		<dict>
			<key>isa</key>
			<string>PBXFileReference</string>
			<key>lastKnownFileType</key>
			<string>sourcecode.c.objc</string>
			<key>path</key>
			<string>SWAppDelegate.m</string>
			<key>sourceTree</key>
			<string>&lt;group&gt;</string>
		</dict>
		<key>A0AA173618DEA591001B1AD6</key>
		<dict>
			<key>fileRef</key>
			<string>A0AA173518DEA591001B1AD6</string>
			<key>isa</key>
			<string>PBXBuildFile</string>
		</dict>
		<key>A0AA173718DEA591001B1AD6</key>
		<dict>
			<key>isa</key>
			<string>PBXFileReference</string>
			<key>lastKnownFileType</key>
			<string>folder.assetcatalog</string>
			<key>path</key>
			<string>Images.xcassets</string>
			<key>sourceTree</key>
			<string>&lt;group&gt;</string>
		</dict>
		<key>A0AA173818DEA591001B1AD6</key>
		<dict>
			<key>fileRef</key>
			<string>A0AA173718DEA591001B1AD6</string>
			<key>isa</key>
			<string>PBXBuildFile</string>
		</dict>
		<key>A0AA173918DEA591001B1AD6</key>
		<dict>
			<key>buildActionMask</key>
			<string>2147483647</string>
			<key>files</key>
			<array>
				<string>A0AA174B18DEA591001B1AD6</string>
			</array>
			<key>isa</key>
			<string>PBXSourcesBuildPhase</string>
			<key>runOnlyForDeploymentPostprocessing</key>
			<string>0</string>
		</dict>
		<key>A0AA173A18DEA591001B1AD6</key>
		<dict>
			<key>buildActionMask</key>
			<string>2147483647</string>
			<key>files</key>
			<array>
				<string>A0AA173F18DEA591001B1AD6</string>
				<string>A0AA174118DEA591001B1AD6</string>
				<string>A0AA174018DEA591001B1AD6</string>
			</array>
			<key>isa</key>
			<string>PBXFrameworksBuildPhase</string>
			<key>runOnlyForDeploymentPostprocessing</key>
			<string>0</string>
		</dict>
		<key>A0AA173B18DEA591001B1AD6</key>
		<dict>
			<key>buildActionMask</key>
			<string>2147483647</string>
			<key>files</key>
			<array>
				<string>A0AA174918DEA591001B1AD6</string>
			</array>
			<key>isa</key>
			<string>PBXResourcesBuildPhase</string>
			<key>runOnlyForDeploymentPostprocessing</key>
			<string>0</string>
		</dict>
		<key>A0AA173C18DEA591001B1AD6</key>
		<dict>
			<key>buildConfigurationList</key>
			<string>A0AA175118DEA591001B1AD6</string>
			<key>buildPhases</key>
			<array>
				<string>A0AA173918DEA591001B1AD6</string>
				<string>A0AA173A18DEA591001B1AD6</string>
				<string>A0AA173B18DEA591001B1AD6</string>
			</array>
			<key>buildRules</key>
			<array/>
			<key>dependencies</key>
			<array>
				<string>A0AA174318DEA591001B1AD6</string>
			</array>
			<key>isa</key>
			<string>PBXNativeTarget</string>
			<key>name</key>
			<string>SWDrawerControllerTests</string>
			<key>productName</key>
			<string>SWDrawerControllerTests</string>
			<key>productReference</key>
			<string>A0AA173D18DEA591001B1AD6</string>
			<key>productType</key>
			<string>com.apple.product-type.bundle.unit-test</string>
		</dict>
		<key>A0AA173D18DEA591001B1AD6</key>
		<dict>
			<key>explicitFileType</key>
			<string>wrapper.cfbundle</string>
			<key>includeInIndex</key>
			<string>0</string>
			<key>isa</key>
			<string>PBXFileReference</string>
			<key>path</key>
			<string>SWDrawerControllerTests.xctest</string>
			<key>sourceTree</key>
			<string>BUILT_PRODUCTS_DIR</string>
		</dict>
		<key>A0AA173E18DEA591001B1AD6</key>
		<dict>
			<key>isa</key>
			<string>PBXFileReference</string>
			<key>lastKnownFileType</key>
			<string>wrapper.framework</string>
			<key>name</key>
			<string>XCTest.framework</string>
			<key>path</key>
			<string>Library/Frameworks/XCTest.framework</string>
			<key>sourceTree</key>
			<string>DEVELOPER_DIR</string>
		</dict>
		<key>A0AA173F18DEA591001B1AD6</key>
		<dict>
			<key>fileRef</key>
			<string>A0AA173E18DEA591001B1AD6</string>
			<key>isa</key>
			<string>PBXBuildFile</string>
		</dict>
		<key>A0AA174018DEA591001B1AD6</key>
		<dict>
			<key>fileRef</key>
			<string>A0AA172518DEA591001B1AD6</string>
			<key>isa</key>
			<string>PBXBuildFile</string>
		</dict>
		<key>A0AA174118DEA591001B1AD6</key>
		<dict>
			<key>fileRef</key>
			<string>A0AA172918DEA591001B1AD6</string>
			<key>isa</key>
			<string>PBXBuildFile</string>
		</dict>
		<key>A0AA174218DEA591001B1AD6</key>
		<dict>
			<key>containerPortal</key>
			<string>A0AA171A18DEA591001B1AD6</string>
			<key>isa</key>
			<string>PBXContainerItemProxy</string>
			<key>proxyType</key>
			<string>1</string>
			<key>remoteGlobalIDString</key>
			<string>A0AA172118DEA591001B1AD6</string>
			<key>remoteInfo</key>
			<string>SWDrawerController</string>
		</dict>
		<key>A0AA174318DEA591001B1AD6</key>
		<dict>
			<key>isa</key>
			<string>PBXTargetDependency</string>
			<key>target</key>
			<string>A0AA172118DEA591001B1AD6</string>
			<key>targetProxy</key>
			<string>A0AA174218DEA591001B1AD6</string>
		</dict>
		<key>A0AA174418DEA591001B1AD6</key>
		<dict>
			<key>children</key>
			<array>
				<string>A0AA174A18DEA591001B1AD6</string>
				<string>A0AA174518DEA591001B1AD6</string>
			</array>
			<key>isa</key>
			<string>PBXGroup</string>
			<key>path</key>
			<string>SWDrawerControllerTests</string>
			<key>sourceTree</key>
			<string>&lt;group&gt;</string>
		</dict>
		<key>A0AA174518DEA591001B1AD6</key>
		<dict>
			<key>children</key>
			<array>
				<string>A0AA174618DEA591001B1AD6</string>
				<string>A0AA174718DEA591001B1AD6</string>
			</array>
			<key>isa</key>
			<string>PBXGroup</string>
			<key>name</key>
			<string>Supporting Files</string>
			<key>path</key>
			<string>Supporting Files</string>
			<key>sourceTree</key>
			<string>&lt;group&gt;</string>
		</dict>
		<key>A0AA174618DEA591001B1AD6</key>
		<dict>
			<key>isa</key>
			<string>PBXFileReference</string>
			<key>lastKnownFileType</key>
			<string>text.plist.xml</string>
			<key>path</key>
			<string>SWDrawerControllerTests-Info.plist</string>
			<key>sourceTree</key>
			<string>&lt;group&gt;</string>
		</dict>
		<key>A0AA174718DEA591001B1AD6</key>
		<dict>
			<key>children</key>
			<array>
				<string>A0AA174818DEA591001B1AD6</string>
			</array>
			<key>isa</key>
			<string>PBXVariantGroup</string>
			<key>name</key>
			<string>InfoPlist.strings</string>
			<key>sourceTree</key>
			<string>&lt;group&gt;</string>
		</dict>
		<key>A0AA174818DEA591001B1AD6</key>
		<dict>
			<key>isa</key>
			<string>PBXFileReference</string>
			<key>lastKnownFileType</key>
			<string>text.plist.strings</string>
			<key>name</key>
			<string>en</string>
			<key>path</key>
			<string>en.lproj/InfoPlist.strings</string>
			<key>sourceTree</key>
			<string>&lt;group&gt;</string>
		</dict>
		<key>A0AA174918DEA591001B1AD6</key>
		<dict>
			<key>fileRef</key>
			<string>A0AA174718DEA591001B1AD6</string>
			<key>isa</key>
			<string>PBXBuildFile</string>
		</dict>
		<key>A0AA174A18DEA591001B1AD6</key>
		<dict>
			<key>isa</key>
			<string>PBXFileReference</string>
			<key>lastKnownFileType</key>
			<string>sourcecode.c.objc</string>
			<key>path</key>
			<string>SWDrawerControllerTests.m</string>
			<key>sourceTree</key>
			<string>&lt;group&gt;</string>
		</dict>
		<key>A0AA174B18DEA591001B1AD6</key>
		<dict>
			<key>fileRef</key>
			<string>A0AA174A18DEA591001B1AD6</string>
			<key>isa</key>
			<string>PBXBuildFile</string>
		</dict>
		<key>A0AA174C18DEA591001B1AD6</key>
		<dict>
			<key>buildSettings</key>
			<dict>
				<key>ALWAYS_SEARCH_USER_PATHS</key>
				<string>NO</string>
				<key>CLANG_CXX_LANGUAGE_STANDARD</key>
				<string>gnu++0x</string>
				<key>CLANG_CXX_LIBRARY</key>
				<string>libc++</string>
				<key>CLANG_ENABLE_MODULES</key>
				<string>YES</string>
				<key>CLANG_ENABLE_OBJC_ARC</key>
				<string>YES</string>
				<key>CLANG_WARN_BOOL_CONVERSION</key>
				<string>YES</string>
				<key>CLANG_WARN_CONSTANT_CONVERSION</key>
				<string>YES</string>
				<key>CLANG_WARN_DIRECT_OBJC_ISA_USAGE</key>
				<string>YES_ERROR</string>
				<key>CLANG_WARN_EMPTY_BODY</key>
				<string>YES</string>
				<key>CLANG_WARN_ENUM_CONVERSION</key>
				<string>YES</string>
				<key>CLANG_WARN_INT_CONVERSION</key>
				<string>YES</string>
				<key>CLANG_WARN_OBJC_ROOT_CLASS</key>
				<string>YES_ERROR</string>
				<key>CLANG_WARN__DUPLICATE_METHOD_MATCH</key>
				<string>YES</string>
				<key>CODE_SIGN_IDENTITY[sdk=iphoneos*]</key>
				<string>iPhone Developer</string>
				<key>COPY_PHASE_STRIP</key>
				<string>NO</string>
				<key>GCC_C_LANGUAGE_STANDARD</key>
				<string>gnu99</string>
				<key>GCC_DYNAMIC_NO_PIC</key>
				<string>NO</string>
				<key>GCC_OPTIMIZATION_LEVEL</key>
				<string>0</string>
				<key>GCC_PREPROCESSOR_DEFINITIONS</key>
				<array>
					<string>DEBUG=1</string>
					<string>$(inherited)</string>
				</array>
				<key>GCC_SYMBOLS_PRIVATE_EXTERN</key>
				<string>NO</string>
				<key>GCC_WARN_64_TO_32_BIT_CONVERSION</key>
				<string>YES</string>
				<key>GCC_WARN_ABOUT_RETURN_TYPE</key>
				<string>YES_ERROR</string>
				<key>GCC_WARN_UNDECLARED_SELECTOR</key>
				<string>YES</string>
				<key>GCC_WARN_UNINITIALIZED_AUTOS</key>
				<string>YES_AGGRESSIVE</string>
				<key>GCC_WARN_UNUSED_FUNCTION</key>
				<string>YES</string>
				<key>GCC_WARN_UNUSED_VARIABLE</key>
				<string>YES</string>
				<key>IPHONEOS_DEPLOYMENT_TARGET</key>
				<string>7.1</string>
				<key>ONLY_ACTIVE_ARCH</key>
				<string>YES</string>
				<key>SDKROOT</key>
				<string>iphoneos</string>
			</dict>
			<key>isa</key>
			<string>XCBuildConfiguration</string>
			<key>name</key>
			<string>Debug</string>
		</dict>
		<key>A0AA174D18DEA591001B1AD6</key>
		<dict>
			<key>buildSettings</key>
			<dict>
				<key>ALWAYS_SEARCH_USER_PATHS</key>
				<string>NO</string>
				<key>CLANG_CXX_LANGUAGE_STANDARD</key>
				<string>gnu++0x</string>
				<key>CLANG_CXX_LIBRARY</key>
				<string>libc++</string>
				<key>CLANG_ENABLE_MODULES</key>
				<string>YES</string>
				<key>CLANG_ENABLE_OBJC_ARC</key>
				<string>YES</string>
				<key>CLANG_WARN_BOOL_CONVERSION</key>
				<string>YES</string>
				<key>CLANG_WARN_CONSTANT_CONVERSION</key>
				<string>YES</string>
				<key>CLANG_WARN_DIRECT_OBJC_ISA_USAGE</key>
				<string>YES_ERROR</string>
				<key>CLANG_WARN_EMPTY_BODY</key>
				<string>YES</string>
				<key>CLANG_WARN_ENUM_CONVERSION</key>
				<string>YES</string>
				<key>CLANG_WARN_INT_CONVERSION</key>
				<string>YES</string>
				<key>CLANG_WARN_OBJC_ROOT_CLASS</key>
				<string>YES_ERROR</string>
				<key>CLANG_WARN__DUPLICATE_METHOD_MATCH</key>
				<string>YES</string>
				<key>CODE_SIGN_IDENTITY[sdk=iphoneos*]</key>
				<string>iPhone Developer</string>
				<key>COPY_PHASE_STRIP</key>
				<string>YES</string>
				<key>ENABLE_NS_ASSERTIONS</key>
				<string>NO</string>
				<key>GCC_C_LANGUAGE_STANDARD</key>
				<string>gnu99</string>
				<key>GCC_WARN_64_TO_32_BIT_CONVERSION</key>
				<string>YES</string>
				<key>GCC_WARN_ABOUT_RETURN_TYPE</key>
				<string>YES_ERROR</string>
				<key>GCC_WARN_UNDECLARED_SELECTOR</key>
				<string>YES</string>
				<key>GCC_WARN_UNINITIALIZED_AUTOS</key>
				<string>YES_AGGRESSIVE</string>
				<key>GCC_WARN_UNUSED_FUNCTION</key>
				<string>YES</string>
				<key>GCC_WARN_UNUSED_VARIABLE</key>
				<string>YES</string>
				<key>IPHONEOS_DEPLOYMENT_TARGET</key>
				<string>7.1</string>
				<key>SDKROOT</key>
				<string>iphoneos</string>
				<key>VALIDATE_PRODUCT</key>
				<string>YES</string>
			</dict>
			<key>isa</key>
			<string>XCBuildConfiguration</string>
			<key>name</key>
			<string>Release</string>
		</dict>
		<key>A0AA174E18DEA591001B1AD6</key>
		<dict>
			<key>buildConfigurations</key>
			<array>
				<string>A0AA174F18DEA591001B1AD6</string>
				<string>A0AA175018DEA591001B1AD6</string>
			</array>
			<key>defaultConfigurationIsVisible</key>
			<string>0</string>
			<key>defaultConfigurationName</key>
			<string>Release</string>
			<key>isa</key>
			<string>XCConfigurationList</string>
		</dict>
		<key>A0AA174F18DEA591001B1AD6</key>
		<dict>
			<key>buildSettings</key>
			<dict>
				<key>ASSETCATALOG_COMPILER_APPICON_NAME</key>
				<string>AppIcon</string>
				<key>ASSETCATALOG_COMPILER_LAUNCHIMAGE_NAME</key>
				<string>LaunchImage</string>
				<key>GCC_PRECOMPILE_PREFIX_HEADER</key>
				<string>YES</string>
				<key>GCC_PREFIX_HEADER</key>
				<string>Example/Supporting Files/SWDrawerController-Prefix.pch</string>
				<key>INFOPLIST_FILE</key>
				<string>Example/Supporting Files/SWDrawerController-Info.plist</string>
				<key>PRODUCT_NAME</key>
				<string>$(TARGET_NAME)</string>
				<key>WRAPPER_EXTENSION</key>
				<string>app</string>
			</dict>
			<key>isa</key>
			<string>XCBuildConfiguration</string>
			<key>name</key>
			<string>Debug</string>
		</dict>
		<key>A0AA175018DEA591001B1AD6</key>
		<dict>
			<key>buildSettings</key>
			<dict>
				<key>ASSETCATALOG_COMPILER_APPICON_NAME</key>
				<string>AppIcon</string>
				<key>ASSETCATALOG_COMPILER_LAUNCHIMAGE_NAME</key>
				<string>LaunchImage</string>
				<key>GCC_PRECOMPILE_PREFIX_HEADER</key>
				<string>YES</string>
				<key>GCC_PREFIX_HEADER</key>
				<string>Example/Supporting Files/SWDrawerController-Prefix.pch</string>
				<key>INFOPLIST_FILE</key>
				<string>Example/Supporting Files/SWDrawerController-Info.plist</string>
				<key>PRODUCT_NAME</key>
				<string>$(TARGET_NAME)</string>
				<key>WRAPPER_EXTENSION</key>
				<string>app</string>
			</dict>
			<key>isa</key>
			<string>XCBuildConfiguration</string>
			<key>name</key>
			<string>Release</string>
		</dict>
		<key>A0AA175118DEA591001B1AD6</key>
		<dict>
			<key>buildConfigurations</key>
			<array>
				<string>A0AA175218DEA591001B1AD6</string>
				<string>A0AA175318DEA591001B1AD6</string>
			</array>
			<key>defaultConfigurationIsVisible</key>
			<string>0</string>
			<key>defaultConfigurationName</key>
			<string>Release</string>
			<key>isa</key>
			<string>XCConfigurationList</string>
		</dict>
		<key>A0AA175218DEA591001B1AD6</key>
		<dict>
			<key>buildSettings</key>
			<dict>
				<key>BUNDLE_LOADER</key>
				<string>$(BUILT_PRODUCTS_DIR)/SWDrawerController.app/SWDrawerController</string>
				<key>FRAMEWORK_SEARCH_PATHS</key>
				<array>
					<string>$(SDKROOT)/Developer/Library/Frameworks</string>
					<string>$(inherited)</string>
					<string>$(DEVELOPER_FRAMEWORKS_DIR)</string>
				</array>
				<key>GCC_PRECOMPILE_PREFIX_HEADER</key>
				<string>YES</string>
				<key>GCC_PREFIX_HEADER</key>
				<string>Example/Supporting Files/SWDrawerController-Prefix.pch</string>
				<key>GCC_PREPROCESSOR_DEFINITIONS</key>
				<array>
					<string>DEBUG=1</string>
					<string>$(inherited)</string>
				</array>
				<key>INFOPLIST_FILE</key>
				<string>SWDrawerControllerTests/Supporting Files/SWDrawerControllerTests-Info.plist</string>
				<key>PRODUCT_NAME</key>
				<string>$(TARGET_NAME)</string>
				<key>TEST_HOST</key>
				<string>$(BUNDLE_LOADER)</string>
				<key>WRAPPER_EXTENSION</key>
				<string>xctest</string>
			</dict>
			<key>isa</key>
			<string>XCBuildConfiguration</string>
			<key>name</key>
			<string>Debug</string>
		</dict>
		<key>A0AA175318DEA591001B1AD6</key>
		<dict>
			<key>buildSettings</key>
			<dict>
				<key>BUNDLE_LOADER</key>
				<string>$(BUILT_PRODUCTS_DIR)/SWDrawerController.app/SWDrawerController</string>
				<key>FRAMEWORK_SEARCH_PATHS</key>
				<array>
					<string>$(SDKROOT)/Developer/Library/Frameworks</string>
					<string>$(inherited)</string>
					<string>$(DEVELOPER_FRAMEWORKS_DIR)</string>
				</array>
				<key>GCC_PRECOMPILE_PREFIX_HEADER</key>
				<string>YES</string>
				<key>GCC_PREFIX_HEADER</key>
				<string>Example/Supporting Files/SWDrawerController-Prefix.pch</string>
				<key>INFOPLIST_FILE</key>
				<string>SWDrawerControllerTests/Supporting Files/SWDrawerControllerTests-Info.plist</string>
				<key>PRODUCT_NAME</key>
				<string>$(TARGET_NAME)</string>
				<key>TEST_HOST</key>
				<string>$(BUNDLE_LOADER)</string>
				<key>WRAPPER_EXTENSION</key>
				<string>xctest</string>
			</dict>
			<key>isa</key>
			<string>XCBuildConfiguration</string>
			<key>name</key>
			<string>Release</string>
		</dict>
		<key>A0AA175418DEA73C001B1AD6</key>
		<dict>
			<key>children</key>
			<array>
				<string>A0AA175518DEA78E001B1AD6</string>
				<string>A0AA175618DEA78E001B1AD6</string>
				<string>A0226BA718E2C60D00683B57</string>
				<string>A0226BA818E2C60D00683B57</string>
				<string>A054E30A18E4AAA20099FE06</string>
				<string>A054E30B18E4AAA20099FE06</string>
			</array>
			<key>isa</key>
			<string>PBXGroup</string>
			<key>name</key>
			<string>SWDrawerController</string>
			<key>path</key>
			<string>SWDrawerController</string>
			<key>sourceTree</key>
			<string>&lt;group&gt;</string>
		</dict>
		<key>A0AA175518DEA78E001B1AD6</key>
		<dict>
			<key>fileEncoding</key>
			<string>4</string>
			<key>isa</key>
			<string>PBXFileReference</string>
			<key>lastKnownFileType</key>
			<string>sourcecode.c.h</string>
			<key>path</key>
			<string>SWDrawerController.h</string>
			<key>sourceTree</key>
			<string>&lt;group&gt;</string>
		</dict>
		<key>A0AA175618DEA78E001B1AD6</key>
		<dict>
			<key>fileEncoding</key>
			<string>4</string>
			<key>isa</key>
			<string>PBXFileReference</string>
			<key>lastKnownFileType</key>
			<string>sourcecode.c.objc</string>
			<key>path</key>
			<string>SWDrawerController.m</string>
			<key>sourceTree</key>
			<string>&lt;group&gt;</string>
		</dict>
		<key>A0AA175718DEA78E001B1AD6</key>
		<dict>
			<key>fileRef</key>
			<string>A0AA175618DEA78E001B1AD6</string>
			<key>isa</key>
			<string>PBXBuildFile</string>
		</dict>
	</dict>
	<key>rootObject</key>
	<string>A0AA171A18DEA591001B1AD6</string>
</dict>
</plist>
